
Microsoft Visual Studio Solution File, Format Version 12.00
# Visual Studio 15
VisualStudioVersion = 15.0.27703.2042
MinimumVisualStudioVersion = 10.0.40219.1
Project("{FAE04EC0-301F-11D3-BF4B-00C04F79EFBC}") = "PythonJianGuanPingTaiCMDEntry", "PythonJianGuanPingTaiCMDEntry\PythonJianGuanPingTaiCMDEntry.csproj", "{524767D5-D8DA-4912-8D61-E24EE5EF5592}"
EndProject
Global
	GlobalSection(SolutionConfigurationPlatforms) = preSolution
		Debug|Any CPU = Debug|Any CPU
		Release|Any CPU = Release|Any CPU
	EndGlobalSection
	GlobalSection(ProjectConfigurationPlatforms) = postSolution
		{524767D5-D8DA-4912-8D61-E24EE5EF5592}.Debug|Any CPU.ActiveCfg = Debug|Any CPU
		{524767D5-D8DA-4912-8D61-E24EE5EF5592}.Debug|Any CPU.Build.0 = Debug|Any CPU
		{524767D5-D8DA-4912-8D61-E24EE5EF5592}.Release|Any CPU.ActiveCfg = Release|Any CPU
		{524767D5-D8DA-4912-8D61-E24EE5EF5592}.Release|Any CPU.Build.0 = Release|Any CPU
	EndGlobalSection
	GlobalSection(SolutionProperties) = preSolution
		HideSolutionNode = FALSE
	EndGlobalSection
	GlobalSection(ExtensibilityGlobals) = postSolution
		SolutionGuid = {AF9700CB-3752-4B57-A3EF-C3EDCD91B9CD}
	EndGlobalSection
EndGlobal
